// !$*UTF8*$!
{
	archiveVersion = 1;
	classes = {
	};
	objectVersion = 50;
	objects = {

/* Begin PBXBuildFile section */
		ABA91D1C2664963700C5AAD8 /* iDineApp.swift in Sources */ = {isa = PBXBuildFile; fileRef = ABA91D1B2664963700C5AAD8 /* iDineApp.swift */; };
		ABA91D1E2664963700C5AAD8 /* ContentView.swift in Sources */ = {isa = PBXBuildFile; fileRef = ABA91D1D2664963700C5AAD8 /* ContentView.swift */; };
		ABA91D202664963F00C5AAD8 /* Assets.xcassets in Resources */ = {isa = PBXBuildFile; fileRef = ABA91D1F2664963F00C5AAD8 /* Assets.xcassets */; };
		ABA91D232664963F00C5AAD8 /* Preview Assets.xcassets in Resources */ = {isa = PBXBuildFile; fileRef = ABA91D222664963F00C5AAD8 /* Preview Assets.xcassets */; };
		ABA91D2E2664987700C5AAD8 /* Menu.swift in Sources */ = {isa = PBXBuildFile; fileRef = ABA91D2A2664987700C5AAD8 /* Menu.swift */; };
		ABA91D2F2664987700C5AAD8 /* menu.json in Resources */ = {isa = PBXBuildFile; fileRef = ABA91D2B2664987700C5AAD8 /* menu.json */; };
		ABA91D302664987700C5AAD8 /* Helper.swift in Sources */ = {isa = PBXBuildFile; fileRef = ABA91D2C2664987700C5AAD8 /* Helper.swift */; };
		ABA91D312664987700C5AAD8 /* Order.swift in Sources */ = {isa = PBXBuildFile; fileRef = ABA91D2D2664987700C5AAD8 /* Order.swift */; };
		ABA91D332664EA6700C5AAD8 /* ItemRow.swift in Sources */ = {isa = PBXBuildFile; fileRef = ABA91D322664EA6700C5AAD8 /* ItemRow.swift */; };
		ABA91D352664F37900C5AAD8 /* ItemDetail.swift in Sources */ = {isa = PBXBuildFile; fileRef = ABA91D342664F37900C5AAD8 /* ItemDetail.swift */; };
		ABA91D372664FBC100C5AAD8 /* OrderView.swift in Sources */ = {isa = PBXBuildFile; fileRef = ABA91D362664FBC100C5AAD8 /* OrderView.swift */; };
		ABA91D3B266500F600C5AAD8 /* MainView.swift in Sources */ = {isa = PBXBuildFile; fileRef = ABA91D3A266500F600C5AAD8 /* MainView.swift */; };
		ABA91D3D266502DF00C5AAD8 /* CheckoutView.swift in Sources */ = {isa = PBXBuildFile; fileRef = ABA91D3C266502DF00C5AAD8 /* CheckoutView.swift */; };
/* End PBXBuildFile section */

/* Begin PBXFileReference section */
		ABA91D182664963700C5AAD8 /* iDine.app */ = {isa = PBXFileReference; explicitFileType = wrapper.application; includeInIndex = 0; path = iDine.app; sourceTree = BUILT_PRODUCTS_DIR; };
		ABA91D1B2664963700C5AAD8 /* iDineApp.swift */ = {isa = PBXFileReference; lastKnownFileType = sourcecode.swift; path = iDineApp.swift; sourceTree = "<group>"; };
		ABA91D1D2664963700C5AAD8 /* ContentView.swift */ = {isa = PBXFileReference; lastKnownFileType = sourcecode.swift; path = ContentView.swift; sourceTree = "<group>"; };
		ABA91D1F2664963F00C5AAD8 /* Assets.xcassets */ = {isa = PBXFileReference; lastKnownFileType = folder.assetcatalog; path = Assets.xcassets; sourceTree = "<group>"; };
		ABA91D222664963F00C5AAD8 /* Preview Assets.xcassets */ = {isa = PBXFileReference; lastKnownFileType = folder.assetcatalog; path = "Preview Assets.xcassets"; sourceTree = "<group>"; };
		ABA91D242664963F00C5AAD8 /* Info.plist */ = {isa = PBXFileReference; lastKnownFileType = text.plist.xml; path = Info.plist; sourceTree = "<group>"; };
		ABA91D2A2664987700C5AAD8 /* Menu.swift */ = {isa = PBXFileReference; fileEncoding = 4; lastKnownFileType = sourcecode.swift; path = Menu.swift; sourceTree = "<group>"; };
		ABA91D2B2664987700C5AAD8 /* menu.json */ = {isa = PBXFileReference; fileEncoding = 4; lastKnownFileType = text.json; name = menu.json; path = ../../../idine/menu.json; sourceTree = "<group>"; };
		ABA91D2C2664987700C5AAD8 /* Helper.swift */ = {isa = PBXFileReference; fileEncoding = 4; lastKnownFileType = sourcecode.swift; path = Helper.swift; sourceTree = "<group>"; };
		ABA91D2D2664987700C5AAD8 /* Order.swift */ = {isa = PBXFileReference; fileEncoding = 4; lastKnownFileType = sourcecode.swift; path = Order.swift; sourceTree = "<group>"; };
		ABA91D322664EA6700C5AAD8 /* ItemRow.swift */ = {isa = PBXFileReference; lastKnownFileType = sourcecode.swift; path = ItemRow.swift; sourceTree = "<group>"; };
		ABA91D342664F37900C5AAD8 /* ItemDetail.swift */ = {isa = PBXFileReference; lastKnownFileType = sourcecode.swift; path = ItemDetail.swift; sourceTree = "<group>"; };
		ABA91D362664FBC100C5AAD8 /* OrderView.swift */ = {isa = PBXFileReference; lastKnownFileType = sourcecode.swift; path = OrderView.swift; sourceTree = "<group>"; };
		ABA91D3A266500F600C5AAD8 /* MainView.swift */ = {isa = PBXFileReference; lastKnownFileType = sourcecode.swift; path = MainView.swift; sourceTree = "<group>"; };
		ABA91D3C266502DF00C5AAD8 /* CheckoutView.swift */ = {isa = PBXFileReference; lastKnownFileType = sourcecode.swift; path = CheckoutView.swift; sourceTree = "<group>"; };
/* End PBXFileReference section */

/* Begin PBXFrameworksBuildPhase section */
		ABA91D152664963700C5AAD8 /* Frameworks */ = {
			isa = PBXFrameworksBuildPhase;
			buildActionMask = 2147483647;
			files = (
			);
			runOnlyForDeploymentPostprocessing = 0;
		};
/* End PBXFrameworksBuildPhase section */

/* Begin PBXGroup section */
		AB4DBBF22665C90B00BEE7B7 /* Views */ = {
			isa = PBXGroup;
			children = (
				ABA91D3A266500F600C5AAD8 /* MainView.swift */,
				ABA91D1D2664963700C5AAD8 /* ContentView.swift */,
				ABA91D362664FBC100C5AAD8 /* OrderView.swift */,
				ABA91D3C266502DF00C5AAD8 /* CheckoutView.swift */,
			);
			path = Views;
			sourceTree = "<group>";
		};
		AB4DBBF32665C95400BEE7B7 /* Components */ = {
			isa = PBXGroup;
			children = (
				ABA91D342664F37900C5AAD8 /* ItemDetail.swift */,
				ABA91D322664EA6700C5AAD8 /* ItemRow.swift */,
			);
			path = Components;
			sourceTree = "<group>";
		};
		AB4DBBF42665C98D00BEE7B7 /* Helper */ = {
			isa = PBXGroup;
			children = (
				ABA91D2C2664987700C5AAD8 /* Helper.swift */,
				ABA91D2D2664987700C5AAD8 /* Order.swift */,
			);
			path = Helper;
			sourceTree = "<group>";
		};
		AB4DBBF52665C99400BEE7B7 /* Models */ = {
			isa = PBXGroup;
			children = (
				ABA91D2A2664987700C5AAD8 /* Menu.swift */,
			);
			path = Models;
			sourceTree = "<group>";
		};
		ABA91D0F2664963700C5AAD8 = {
			isa = PBXGroup;
			children = (
				ABA91D1A2664963700C5AAD8 /* iDine */,
				ABA91D192664963700C5AAD8 /* Products */,
			);
			sourceTree = "<group>";
		};
		ABA91D192664963700C5AAD8 /* Products */ = {
			isa = PBXGroup;
			children = (
				ABA91D182664963700C5AAD8 /* iDine.app */,
			);
			name = Products;
			sourceTree = "<group>";
		};
		ABA91D1A2664963700C5AAD8 /* iDine */ = {
			isa = PBXGroup;
			children = (
				AB4DBBF52665C99400BEE7B7 /* Models */,
				AB4DBBF42665C98D00BEE7B7 /* Helper */,
				AB4DBBF32665C95400BEE7B7 /* Components */,
				AB4DBBF22665C90B00BEE7B7 /* Views */,
				ABA91D1B2664963700C5AAD8 /* iDineApp.swift */,
				ABA91D1F2664963F00C5AAD8 /* Assets.xcassets */,
				ABA91D242664963F00C5AAD8 /* Info.plist */,
				ABA91D2B2664987700C5AAD8 /* menu.json */,
				ABA91D212664963F00C5AAD8 /* Preview Content */,
			);
			path = iDine;
			sourceTree = "<group>";
		};
		ABA91D212664963F00C5AAD8 /* Preview Content */ = {
			isa = PBXGroup;
			children = (
				ABA91D222664963F00C5AAD8 /* Preview Assets.xcassets */,
			);
			path = "Preview Content";
			sourceTree = "<group>";
		};
/* End PBXGroup section */

/* Begin PBXNativeTarget section */
		ABA91D172664963700C5AAD8 /* iDine */ = {
			isa = PBXNativeTarget;
			buildConfigurationList = ABA91D272664963F00C5AAD8 /* Build configuration list for PBXNativeTarget "iDine" */;
			buildPhases = (
				ABA91D142664963700C5AAD8 /* Sources */,
				ABA91D152664963700C5AAD8 /* Frameworks */,
				ABA91D162664963700C5AAD8 /* Resources */,
			);
			buildRules = (
			);
			dependencies = (
			);
			name = iDine;
			productName = iDine;
			productReference = ABA91D182664963700C5AAD8 /* iDine.app */;
			productType = "com.apple.product-type.application";
		};
/* End PBXNativeTarget section */

/* Begin PBXProject section */
		ABA91D102664963700C5AAD8 /* Project object */ = {
			isa = PBXProject;
			attributes = {
				LastSwiftUpdateCheck = 1250;
				LastUpgradeCheck = 1250;
				TargetAttributes = {
					ABA91D172664963700C5AAD8 = {
						CreatedOnToolsVersion = 12.5;
					};
				};
			};
			buildConfigurationList = ABA91D132664963700C5AAD8 /* Build configuration list for PBXProject "iDine" */;
			compatibilityVersion = "Xcode 9.3";
			developmentRegion = en;
			hasScannedForEncodings = 0;
			knownRegions = (
				en,
				Base,
			);
			mainGroup = ABA91D0F2664963700C5AAD8;
			productRefGroup = ABA91D192664963700C5AAD8 /* Products */;
			projectDirPath = "";
			projectRoot = "";
			targets = (
				ABA91D172664963700C5AAD8 /* iDine */,
			);
		};
/* End PBXProject section */

/* Begin PBXResourcesBuildPhase section */
		ABA91D162664963700C5AAD8 /* Resources */ = {
			isa = PBXResourcesBuildPhase;
			buildActionMask = 2147483647;
			files = (
				ABA91D2F2664987700C5AAD8 /* menu.json in Resources */,
				ABA91D232664963F00C5AAD8 /* Preview Assets.xcassets in Resources */,
				ABA91D202664963F00C5AAD8 /* Assets.xcassets in Resources */,
			);
			runOnlyForDeploymentPostprocessing = 0;
		};
/* End PBXResourcesBuildPhase section */

/* Begin PBXSourcesBuildPhase section */
		ABA91D142664963700C5AAD8 /* Sources */ = {
			isa = PBXSourcesBuildPhase;
			buildActionMask = 2147483647;
			files = (
				ABA91D352664F37900C5AAD8 /* ItemDetail.swift in Sources */,
				ABA91D3B266500F600C5AAD8 /* MainView.swift in Sources */,
				ABA91D3D266502DF00C5AAD8 /* CheckoutView.swift in Sources */,
				ABA91D372664FBC100C5AAD8 /* OrderView.swift in Sources */,
				ABA91D2E2664987700C5AAD8 /* Menu.swift in Sources */,
				ABA91D1E2664963700C5AAD8 /* ContentView.swift in Sources */,
				ABA91D312664987700C5AAD8 /* Order.swift in Sources */,
				ABA91D332664EA6700C5AAD8 /* ItemRow.swift in Sources */,
				ABA91D1C2664963700C5AAD8 /* iDineApp.swift in Sources */,
				ABA91D302664987700C5AAD8 /* Helper.swift in Sources */,
			);
			runOnlyForDeploymentPostprocessing = 0;
		};
/* End PBXSourcesBuildPhase section */

/* Begin XCBuildConfiguration section */
		ABA91D252664963F00C5AAD8 /* Debug */ = {
			isa = XCBuildConfiguration;
			buildSettings = {
				ALWAYS_SEARCH_USER_PATHS = NO;
				CLANG_ANALYZER_NONNULL = YES;
				CLANG_ANALYZER_NUMBER_OBJECT_CONVERSION = YES_AGGRESSIVE;
				CLANG_CXX_LANGUAGE_STANDARD = "gnu++14";
				CLANG_CXX_LIBRARY = "libc++";
				CLANG_ENABLE_MODULES = YES;
				CLANG_ENABLE_OBJC_ARC = YES;
				CLANG_ENABLE_OBJC_WEAK = YES;
				CLANG_WARN_BLOCK_CAPTURE_AUTORELEASING = YES;
				CLANG_WARN_BOOL_CONVERSION = YES;
				CLANG_WARN_COMMA = YES;
				CLANG_WARN_CONSTANT_CONVERSION = YES;
				CLANG_WARN_DEPRECATED_OBJC_IMPLEMENTATIONS = YES;
				CLANG_WARN_DIRECT_OBJC_ISA_USAGE = YES_ERROR;
				CLANG_WARN_DOCUMENTATION_COMMENTS = YES;
				CLANG_WARN_EMPTY_BODY = YES;
				CLANG_WARN_ENUM_CONVERSION = YES;
				CLANG_WARN_INFINITE_RECURSION = YES;
				CLANG_WARN_INT_CONVERSION = YES;
				CLANG_WARN_NON_LITERAL_NULL_CONVERSION = YES;
				CLANG_WARN_OBJC_IMPLICIT_RETAIN_SELF = YES;
				CLANG_WARN_OBJC_LITERAL_CONVERSION = YES;
				CLANG_WARN_OBJC_ROOT_CLASS = YES_ERROR;
				CLANG_WARN_QUOTED_INCLUDE_IN_FRAMEWORK_HEADER = YES;
				CLANG_WARN_RANGE_LOOP_ANALYSIS = YES;
				CLANG_WARN_STRICT_PROTOTYPES = YES;
				CLANG_WARN_SUSPICIOUS_MOVE = YES;
				CLANG_WARN_UNGUARDED_AVAILABILITY = YES_AGGRESSIVE;
				CLANG_WARN_UNREACHABLE_CODE = YES;
				CLANG_WARN__DUPLICATE_METHOD_MATCH = YES;
				COPY_PHASE_STRIP = NO;
				DEBUG_INFORMATION_FORMAT = dwarf;
				ENABLE_STRICT_OBJC_MSGSEND = YES;
				ENABLE_TESTABILITY = YES;
				GCC_C_LANGUAGE_STANDARD = gnu11;
				GCC_DYNAMIC_NO_PIC = NO;
				GCC_NO_COMMON_BLOCKS = YES;
				GCC_OPTIMIZATION_LEVEL = 0;
				GCC_PREPROCESSOR_DEFINITIONS = (
					"DEBUG=1",
					"$(inherited)",
				);
				GCC_WARN_64_TO_32_BIT_CONVERSION = YES;
				GCC_WARN_ABOUT_RETURN_TYPE = YES_ERROR;
				GCC_WARN_UNDECLARED_SELECTOR = YES;
				GCC_WARN_UNINITIALIZED_AUTOS = YES_AGGRESSIVE;
				GCC_WARN_UNUSED_FUNCTION = YES;
				GCC_WARN_UNUSED_VARIABLE = YES;
				IPHONEOS_DEPLOYMENT_TARGET = 14.5;
				MTL_ENABLE_DEBUG_INFO = INCLUDE_SOURCE;
				MTL_FAST_MATH = YES;
				ONLY_ACTIVE_ARCH = YES;
				SDKROOT = iphoneos;
				SWIFT_ACTIVE_COMPILATION_CONDITIONS = DEBUG;
				SWIFT_OPTIMIZATION_LEVEL = "-Onone";
			};
			name = Debug;
		};
		ABA91D262664963F00C5AAD8 /* Release */ = {
			isa = XCBuildConfiguration;
			buildSettings = {
				ALWAYS_SEARCH_USER_PATHS = NO;
				CLANG_ANALYZER_NONNULL = YES;
				CLANG_ANALYZER_NUMBER_OBJECT_CONVERSION = YES_AGGRESSIVE;
				CLANG_CXX_LANGUAGE_STANDARD = "gnu++14";
				CLANG_CXX_LIBRARY = "libc++";
				CLANG_ENABLE_MODULES = YES;
				CLANG_ENABLE_OBJC_ARC = YES;
				CLANG_ENABLE_OBJC_WEAK = YES;
				CLANG_WARN_BLOCK_CAPTURE_AUTORELEASING = YES;
				CLANG_WARN_BOOL_CONVERSION = YES;
				CLANG_WARN_COMMA = YES;
				CLANG_WARN_CONSTANT_CONVERSION = YES;
				CLANG_WARN_DEPRECATED_OBJC_IMPLEMENTATIONS = YES;
				CLANG_WARN_DIRECT_OBJC_ISA_USAGE = YES_ERROR;
				CLANG_WARN_DOCUMENTATION_COMMENTS = YES;
				CLANG_WARN_EMPTY_BODY = YES;
				CLANG_WARN_ENUM_CONVERSION = YES;
				CLANG_WARN_INFINITE_RECURSION = YES;
				CLANG_WARN_INT_CONVERSION = YES;
				CLANG_WARN_NON_LITERAL_NULL_CONVERSION = YES;
				CLANG_WARN_OBJC_IMPLICIT_RETAIN_SELF = YES;
				CLANG_WARN_OBJC_LITERAL_CONVERSION = YES;
				CLANG_WARN_OBJC_ROOT_CLASS = YES_ERROR;
				CLANG_WARN_QUOTED_INCLUDE_IN_FRAMEWORK_HEADER = YES;
				CLANG_WARN_RANGE_LOOP_ANALYSIS = YES;
				CLANG_WARN_STRICT_PROTOTYPES = YES;
				CLANG_WARN_SUSPICIOUS_MOVE = YES;
				CLANG_WARN_UNGUARDED_AVAILABILITY = YES_AGGRESSIVE;
				CLANG_WARN_UNREACHABLE_CODE = YES;
				CLANG_WARN__DUPLICATE_METHOD_MATCH = YES;
				COPY_PHASE_STRIP = NO;
				DEBUG_INFORMATION_FORMAT = "dwarf-with-dsym";
				ENABLE_NS_ASSERTIONS = NO;
				ENABLE_STRICT_OBJC_MSGSEND = YES;
				GCC_C_LANGUAGE_STANDARD = gnu11;
				GCC_NO_COMMON_BLOCKS = YES;
				GCC_WARN_64_TO_32_BIT_CONVERSION = YES;
				GCC_WARN_ABOUT_RETURN_TYPE = YES_ERROR;
				GCC_WARN_UNDECLARED_SELECTOR = YES;
				GCC_WARN_UNINITIALIZED_AUTOS = YES_AGGRESSIVE;
				GCC_WARN_UNUSED_FUNCTION = YES;
				GCC_WARN_UNUSED_VARIABLE = YES;
				IPHONEOS_DEPLOYMENT_TARGET = 14.5;
				MTL_ENABLE_DEBUG_INFO = NO;
				MTL_FAST_MATH = YES;
				SDKROOT = iphoneos;
				SWIFT_COMPILATION_MODE = wholemodule;
				SWIFT_OPTIMIZATION_LEVEL = "-O";
				VALIDATE_PRODUCT = YES;
			};
			name = Release;
		};
		ABA91D282664963F00C5AAD8 /* Debug */ = {
			isa = XCBuildConfiguration;
			buildSettings = {
				ASSETCATALOG_COMPILER_APPICON_NAME = AppIcon;
				ASSETCATALOG_COMPILER_GLOBAL_ACCENT_COLOR_NAME = AccentColor;
				CODE_SIGN_STYLE = Automatic;
				DEVELOPMENT_ASSET_PATHS = "\"iDine/Preview Content\"";
				DEVELOPMENT_TEAM = 3S7FT8T5W8;
				ENABLE_PREVIEWS = YES;
				INFOPLIST_FILE = iDine/Info.plist;
				IPHONEOS_DEPLOYMENT_TARGET = 14.0;
				LD_RUNPATH_SEARCH_PATHS = (
					"$(inherited)",
					"@executable_path/Frameworks",
				);
				PRODUCT_BUNDLE_IDENTIFIER = com.ajith.iDine;
				PRODUCT_NAME = "$(TARGET_NAME)";
				SWIFT_VERSION = 5.0;
				TARGETED_DEVICE_FAMILY = "1,2";
			};
			name = Debug;
		};
		ABA91D292664963F00C5AAD8 /* Release */ = {
			isa = XCBuildConfiguration;
			buildSettings = {
				ASSETCATALOG_COMPILER_APPICON_NAME = AppIcon;
				ASSETCATALOG_COMPILER_GLOBAL_ACCENT_COLOR_NAME = AccentColor;
				CODE_SIGN_STYLE = Automatic;
				DEVELOPMENT_ASSET_PATHS = "\"iDine/Preview Content\"";
				DEVELOPMENT_TEAM = 3S7FT8T5W8;
				ENABLE_PREVIEWS = YES;
				INFOPLIST_FILE = iDine/Info.plist;
				IPHONEOS_DEPLOYMENT_TARGET = 14.0;
				LD_RUNPATH_SEARCH_PATHS = (
					"$(inherited)",
					"@executable_path/Frameworks",
				);
				PRODUCT_BUNDLE_IDENTIFIER = com.ajith.iDine;
				PRODUCT_NAME = "$(TARGET_NAME)";
				SWIFT_VERSION = 5.0;
				TARGETED_DEVICE_FAMILY = "1,2";
			};
			name = Release;
		};
/* End XCBuildConfiguration section */

/* Begin XCConfigurationList section */
		ABA91D132664963700C5AAD8 /* Build configuration list for PBXProject "iDine" */ = {
			isa = XCConfigurationList;
			buildConfigurations = (
				ABA91D252664963F00C5AAD8 /* Debug */,
				ABA91D262664963F00C5AAD8 /* Release */,
			);
			defaultConfigurationIsVisible = 0;
			defaultConfigurationName = Release;
		};
		ABA91D272664963F00C5AAD8 /* Build configuration list for PBXNativeTarget "iDine" */ = {
			isa = XCConfigurationList;
			buildConfigurations = (
				ABA91D282664963F00C5AAD8 /* Debug */,
				ABA91D292664963F00C5AAD8 /* Release */,
			);
			defaultConfigurationIsVisible = 0;
			defaultConfigurationName = Release;
		};
/* End XCConfigurationList section */
	};
	rootObject = ABA91D102664963700C5AAD8 /* Project object */;
}
